github.com/ajg/form v1.5.2-0.20200323032839-9aeb3cf462e1 h1:8Qzi+0Uch1VJvdrOhJ8U8FqoPLbUdETPgMqGJ6DSMSQ=
github.com/ajg/form v1.5.2-0.20200323032839-9aeb3cf462e1/go.mod h1:uL1WgH+h2mgNtvBq0339dVnzXdBETtL2LeUXaIv25UY=
github.com/fogfish/golem/hseq v1.2.0 h1:B6yrzOHQNoTqSlhLb+AvK7dhEAELjHThrCQTF/uqwbM=
github.com/fogfish/golem/hseq v1.2.0/go.mod h1:17XORt8nNKl6KOhF43MHSmjK8NksbkBsohAoJGiinUs=
github.com/fogfish/golem/optics v0.13.1 h1:gkvJ5f7/AXaL8EuHLu5dgE/BwUSg/WX50D7b8f4G+6s=
github.com/fogfish/golem/optics v0.13.1/go.mod h1:U1y90OVcXF/A61dIP3abQ0x2GweTmzVHPC15pv0pcM0=
github.com/fogfish/it/v2 v2.0.2 h1:UR6yVemf8zD3WVs6Bq0zE6LJwapZ8urv9zvU5VB5E6o=
github.com/fogfish/it/v2 v2.0.2/go.mod h1:HHwufnTaZTvlRVnSesPl49HzzlMrQtweKbf+8Co/ll4=
github.com/fogfish/opts v0.0.2 h1:Iro+QQHR/l6G5afX6N5TtqZtV+iVeUxJUOpW63gqhwk=
github.com/fogfish/opts v0.0.2/go.mod h1:fAM7yksrn+u5opbyAh2HiObd5Zx54WnSMGZIU21AGFw=
github.com/google/go-cmp v0.6.0 h1:ofyhxvXcZhMsU5ulbFiLKl/XBFqE1GSq7atu8tAmTRI=
github.com/google/go-cmp v0.6.0/go.mod h1:17dUlkBOakJ0+DkrSSNjCkIjxS6bF9zb3elmeNGIjoY=
golang.org/x/net v0.17.0 h1:pVaXccu2ozPjCXewfr1S7xza/zcXTity9cCdXQYSjIM=
golang.org/x/net v0.17.0/go.mod h1:NxSsAGuq816PNPmqtQdLE42eU2Fs7NoRIZrHJAlaCOE=
