github.com/ajg/form v1.5.2-0.20200323032839-9aeb3cf462e1 h1:8Qzi+0Uch1VJvdrOhJ8U8FqoPLbUdETPgMqGJ6DSMSQ=
github.com/ajg/form v1.5.2-0.20200323032839-9aeb3cf462e1/go.mod h1:uL1WgH+h2mgNtvBq0339dVnzXdBETtL2LeUXaIv25UY=
github.com/fogfish/it/v2 v2.0.1 h1:vu3kV2xzYDPHoMHMABxXeu5CoMcTfRc4gkWkzOUkRJY=
github.com/fogfish/it/v2 v2.0.1/go.mod h1:h5FdKaEQT4sUEykiVkB8VV4jX27XabFVeWhoDZaRZtE=
github.com/google/go-cmp v0.5.9 h1:O2Tfq5qg4qc4AmwVlvv0oLiVAGB7enBSJ2x2DqQFi38=
github.com/google/go-cmp v0.5.9/go.mod h1:17dUlkBOakJ0+DkrSSNjCkIjxS6bF9zb3elmeNGIjoY=
golang.org/x/net v0.7.0 h1:rJrUqqhjsgNp7KqAIc25s9pZnjU7TUcSY7HcVZjdn1g=
golang.org/x/net v0.7.0/go.mod h1:2Tu9+aMcznHK/AK1HMvgo6xiTLG5rD5rZLDS+rp2Bjs=
